PODS:
  - GMEllipticCurveCrypto (1.3)

DEPENDENCIES:
  - GMEllipticCurveCrypto (from `../`)

EXTERNAL SOURCES:
  GMEllipticCurveCrypto:
    :path: ../

SPEC CHECKSUMS:
  GMEllipticCurveCrypto: fedbc3ea8dc68d987dc3bdaf87a07ab06de2823e

PODFILE CHECKSUM: 384d07b618615049b70a270b32307aea2fe783a5

COCOAPODS: 1.3.1
